#MicroXplorer Configuration settings - do not modify
ADC1.Channel-0\#ChannelRegularConversion=ADC_CHANNEL_11
ADC1.IPParameters=Rank-0\#ChannelRegularConversion,Channel-0\#ChannelRegularConversion,SamplingTime-0\#ChannelRegularConversion,OffsetNumber-0\#ChannelRegularConversion,OffsetSignedSaturation-0\#ChannelRegularConversion,NbrOfConversionFlag,master
ADC1.NbrOfConversionFlag=1
ADC1.OffsetNumber-0\#ChannelRegularConversion=ADC_OFFSET_NONE
ADC1.OffsetSignedSaturation-0\#ChannelRegularConversion=DISABLE
ADC1.Rank-0\#ChannelRegularConversion=1
ADC1.SamplingTime-0\#ChannelRegularConversion=ADC_SAMPLETIME_1CYCLE_5
ADC1.master=1
CAD.formats=
CAD.pinconfig=
CAD.provider=
CORTEX_M7.IPParameters=default_mode_Activation
CORTEX_M7.default_mode_Activation=1
File.Version=6
GPIO.groupedBy=Group By Peripherals
KeepUserPlacement=false
MMTAppRegionsCount=0
MMTConfigApplied=false
MMTSectionSuffix=
Mcu.CPN=STM32H723ZGT6
Mcu.Family=STM32H7
Mcu.IP0=ADC1
Mcu.IP1=CORTEX_M7
Mcu.IP10=SPI5
Mcu.IP11=SYS
Mcu.IP12=TIM1
Mcu.IP13=TIM8
Mcu.IP14=UART5
Mcu.IP15=UART7
Mcu.IP16=UART8
Mcu.IP17=UART9
Mcu.IP18=USART1
Mcu.IP19=USART3
Mcu.IP2=DEBUG
Mcu.IP3=I2C1
Mcu.IP4=I2C2
Mcu.IP5=MEMORYMAP
Mcu.IP6=NVIC
Mcu.IP7=RCC
Mcu.IP8=SDMMC1
Mcu.IP9=SPI1
Mcu.IPNb=20
Mcu.Name=STM32H723ZGTx
Mcu.Package=LQFP144
Mcu.Pin0=PF0
Mcu.Pin1=PF1
Mcu.Pin10=PA2
Mcu.Pin11=PG0
Mcu.Pin12=PG1
Mcu.Pin13=PE7
Mcu.Pin14=PE8
Mcu.Pin15=PE9
Mcu.Pin16=PE10
Mcu.Pin17=PE11
Mcu.Pin18=PE12
Mcu.Pin19=PE13
Mcu.Pin2=PF6
Mcu.Pin20=PE14
Mcu.Pin21=PE15
Mcu.Pin22=PB10
Mcu.Pin23=PB11
Mcu.Pin24=PB12
Mcu.Pin25=PB13
Mcu.Pin26=PB14
Mcu.Pin27=PB15
Mcu.Pin28=PD8
Mcu.Pin29=PD11
Mcu.Pin3=PF7
Mcu.Pin30=PD12
Mcu.Pin31=PD15
Mcu.Pin32=PG2
Mcu.Pin33=PG3
Mcu.Pin34=PG4
Mcu.Pin35=PG5
Mcu.Pin36=PG6
Mcu.Pin37=PG7
Mcu.Pin38=PC6
Mcu.Pin39=PC7
Mcu.Pin4=PF8
Mcu.Pin40=PC8
Mcu.Pin41=PC9
Mcu.Pin42=PA13(JTMS/SWDIO)
Mcu.Pin43=PA14(JTCK/SWCLK)
Mcu.Pin44=PC10
Mcu.Pin45=PC11
Mcu.Pin46=PC12
Mcu.Pin47=PD2
Mcu.Pin48=PD7
Mcu.Pin49=PG9
Mcu.Pin5=PF9
Mcu.Pin50=PG10
Mcu.Pin51=PG11
Mcu.Pin52=PB3(JTDO/TRACESWO)
Mcu.Pin53=PB6
Mcu.Pin54=PB7
Mcu.Pin55=PE0
Mcu.Pin56=PE1
Mcu.Pin57=VP_SYS_VS_Systick
Mcu.Pin58=VP_TIM1_VS_ControllerModeClock
Mcu.Pin59=VP_TIM1_VS_ClockSourceITR
Mcu.Pin6=PC0
Mcu.Pin60=VP_TIM8_VS_ClockSourceINT
Mcu.Pin61=VP_MEMORYMAP_VS_MEMORYMAP
Mcu.Pin7=PC1
Mcu.Pin8=PC2_C
Mcu.Pin9=PC3_C
Mcu.PinsNb=62
Mcu.ThirdPartyNb=0
Mcu.UserConstants=
Mcu.UserName=STM32H723ZGTx
MxCube.Version=6.18.1
MxDb.Version=DB.6.0.181
NVIC.BusFault_IRQn=true\:0\:0\:false\:false\:true\:false\:false\:false
NVIC.DebugMonitor_IRQn=true\:0\:0\:false\:false\:true\:false\:false\:false
NVIC.ForceEnableDMAVector=true
NVIC.HardFault_IRQn=true\:0\:0\:false\:false\:true\:false\:false\:false
NVIC.MemoryManagement_IRQn=true\:0\:0\:false\:false\:true\:false\:false\:false
NVIC.NonMaskableInt_IRQn=true\:0\:0\:false\:false\:true\:false\:false\:false
NVIC.PendSV_IRQn=true\:0\:0\:false\:false\:true\:false\:false\:false
NVIC.PriorityGroup=NVIC_PRIORITYGROUP_4
NVIC.SVCall_IRQn=true\:0\:0\:false\:false\:true\:false\:false\:false
NVIC.SysTick_IRQn=true\:15\:0\:false\:false\:true\:false\:true\:false
NVIC.UsageFault_IRQn=true\:0\:0\:false\:false\:true\:false\:false\:false
PA13(JTMS/SWDIO).GPIOParameters=GPIO_Label
PA13(JTMS/SWDIO).GPIO_Label=DEBUG_JTMS-SWDIO
PA13(JTMS/SWDIO).Locked=true
PA13(JTMS/SWDIO).Mode=Trace_Asynchronous_SW
PA13(JTMS/SWDIO).Signal=DEBUG_JTMS-SWDIO
PA14(JTCK/SWCLK).GPIOParameters=GPIO_Label
PA14(JTCK/SWCLK).GPIO_Label=DEBUG_JTCK-SWCLK
PA14(JTCK/SWCLK).Locked=true
PA14(JTCK/SWCLK).Mode=Trace_Asynchronous_SW
PA14(JTCK/SWCLK).Signal=DEBUG_JTCK-SWCLK
PA2.GPIOParameters=GPIO_Label
PA2.GPIO_Label=ID-EXT_ADC1_INP14
PA2.Locked=true
PA2.Signal=ADCx_INP14
PB10.GPIOParameters=GPIO_Label
PB10.GPIO_Label=TMC2209_EL_INDEX_GPIO_Input
PB10.Locked=true
PB10.Signal=GPIO_Input
PB11.GPIOParameters=GPIO_Label
PB11.GPIO_Label=TMC2209_EL_USART3_RX
PB11.Mode=Asynchronous
PB11.Signal=USART3_RX
PB12.GPIOParameters=GPIO_Label
PB12.GPIO_Label=GNSS_UART5_RX
PB12.Mode=Asynchronous
PB12.Signal=UART5_RX
PB13.GPIOParameters=GPIO_Label
PB13.GPIO_Label=GNSS_UART5_TX
PB13.Mode=Asynchronous
PB13.Signal=UART5_TX
PB14.GPIOParameters=GPIO_Label
PB14.GPIO_Label=TMC2209_AZ_USART1_TX
PB14.Mode=Asynchronous
PB14.Signal=USART1_TX
PB15.GPIOParameters=GPIO_Label
PB15.GPIO_Label=TMC2209_AZ_USART1_RX
PB15.Mode=Asynchronous
PB15.Signal=USART1_RX
PB3(JTDO/TRACESWO).GPIOParameters=GPIO_Label
PB3(JTDO/TRACESWO).GPIO_Label=DEBUG_JTDO-SWO
PB3(JTDO/TRACESWO).Locked=true
PB3(JTDO/TRACESWO).Mode=Trace_Asynchronous_SW
PB3(JTDO/TRACESWO).Signal=DEBUG_JTDO-SWO
PB6.GPIOParameters=GPIO_Label
PB6.GPIO_Label=IMU-M_I2C1_SCL
PB6.Mode=I2C
PB6.Signal=I2C1_SCL
PB7.GPIOParameters=GPIO_Label
PB7.GPIO_Label=IMU-M_I2C1_SDA
PB7.Mode=I2C
PB7.Signal=I2C1_SDA
PC0.GPIOParameters=GPIO_Label
PC0.GPIO_Label=JOYSTICK_ADC1_INP10
PC0.Locked=true
PC0.Signal=ADCx_INP10
PC1.GPIOParameters=GPIO_Label
PC1.GPIO_Label=JOYSTICK_ADC1_INP11
PC1.Locked=true
PC1.Signal=ADCx_INP11
PC10.GPIOParameters=GPIO_Label
PC10.GPIO_Label=SD_D2
PC10.Locked=true
PC10.Mode=SD_4_bits_Wide_bus
PC10.Signal=SDMMC1_D2
PC11.GPIOParameters=GPIO_Label
PC11.GPIO_Label=SD_D3
PC11.Locked=true
PC11.Mode=SD_4_bits_Wide_bus
PC11.Signal=SDMMC1_D3
PC12.GPIOParameters=GPIO_Label
PC12.GPIO_Label=SD_CK
PC12.Locked=true
PC12.Mode=SD_4_bits_Wide_bus
PC12.Signal=SDMMC1_CK
PC2_C.GPIOParameters=GPIO_Label
PC2_C.GPIO_Label=JOYSTICK_GPIO_Input
PC2_C.Locked=true
PC2_C.Signal=GPIO_Input
PC3_C.GPIOParameters=GPIO_Label
PC3_C.GPIO_Label=ETAT-B-ON/OFF_GPIO_Input
PC3_C.Locked=true
PC3_C.Signal=GPIO_Input
PC6.GPIOParameters=GPIO_Label
PC6.GPIO_Label=STEPPER-AZ_TIM8_CH1
PC6.Signal=S_TIM8_CH1
PC7.GPIOParameters=GPIO_Label
PC7.GPIO_Label=SD_DETECT
PC7.Locked=true
PC7.Signal=GPIO_Input
PC8.GPIOParameters=GPIO_Label
PC8.GPIO_Label=SD_D0
PC8.Locked=true
PC8.Mode=SD_4_bits_Wide_bus
PC8.Signal=SDMMC1_D0
PC9.GPIOParameters=GPIO_Label
PC9.GPIO_Label=SD_D1
PC9.Locked=true
PC9.Mode=SD_4_bits_Wide_bus
PC9.Signal=SDMMC1_D1
PD11.GPIOParameters=GPIO_Label
PD11.GPIO_Label=LED2_DEBUG_GPIO_Output
PD11.Locked=true
PD11.Signal=GPIO_Output
PD12.GPIOParameters=GPIO_Label
PD12.GPIO_Label=LED1_ETAT_GPIO_Output
PD12.Locked=true
PD12.Signal=GPIO_Output
PD15.GPIOParameters=GPIO_Label
PD15.GPIO_Label=TMC2209_AZ_INDEX_GPIO_Input
PD15.Locked=true
PD15.Signal=GPIO_Input
PD2.GPIOParameters=GPIO_Label
PD2.GPIO_Label=SD_CMD
PD2.Locked=true
PD2.Mode=SD_4_bits_Wide_bus
PD2.Signal=SDMMC1_CMD
PD7.GPIOParameters=GPIO_Label
PD7.GPIO_Label=LoRa_SPI1_MOSI
PD7.Locked=true
PD7.Mode=Full_Duplex_Master
PD7.Signal=SPI1_MOSI
PD8.GPIOParameters=GPIO_Label
PD8.GPIO_Label=TMC2209_EL_USART3_TX
PD8.Mode=Asynchronous
PD8.Signal=USART3_TX
PE0.GPIOParameters=GPIO_Label
PE0.GPIO_Label=LIDAR_UART8_RX
PE0.Mode=Asynchronous
PE0.Signal=UART8_RX
PE1.GPIOParameters=GPIO_Label
PE1.GPIO_Label=LIDAR_UART8_TX
PE1.Mode=Asynchronous
PE1.Signal=UART8_TX
PE10.GPIOParameters=GPIO_Label
PE10.GPIO_Label=TMC2209_EL_ENABLE_GPIO_Output
PE10.Locked=true
PE10.Signal=GPIO_Output
PE11.GPIOParameters=GPIO_Label
PE11.GPIO_Label=TMC2209_EL_STEP_GPIO_Output
PE11.Locked=true
PE11.Signal=GPIO_Output
PE12.GPIOParameters=GPIO_Label
PE12.GPIO_Label=TMC2209_EL_DIR_GPIO_Output
PE12.Locked=true
PE12.Signal=GPIO_Output
PE13.GPIOParameters=GPIO_Label
PE13.GPIO_Label=TMC2209_EL_MS1_GPIO_Output
PE13.Locked=true
PE13.Signal=GPIO_Output
PE14.GPIOParameters=GPIO_Label
PE14.GPIO_Label=TMC2209_EL_MS2_GPIO_IOutput
PE14.Locked=true
PE14.Signal=GPIO_Output
PE15.GPIOParameters=GPIO_Label
PE15.GPIO_Label=TMC2209_EL_DIAG_GPIO_Input
PE15.Locked=true
PE15.Signal=GPIO_Input
PE7.GPIOParameters=GPIO_Label
PE7.GPIO_Label=ESP32_UART7_RX
PE7.Mode=Asynchronous
PE7.Signal=UART7_RX
PE8.GPIOParameters=GPIO_Label
PE8.GPIO_Label=ESP32_UART7_TX
PE8.Mode=Asynchronous
PE8.Signal=UART7_TX
PE9.GPIOParameters=GPIO_Label
PE9.GPIO_Label=STEPPER-EL_TIM1_CH1
PE9.Signal=S_TIM1_CH1
PF0.GPIOParameters=GPIO_Label
PF0.GPIO_Label=IMU-F_I2C2_SDA
PF0.Mode=I2C
PF0.Signal=I2C2_SDA
PF1.GPIOParameters=GPIO_Label
PF1.GPIO_Label=IMU-F_I2C2_SCL
PF1.Mode=I2C
PF1.Signal=I2C2_SCL
PF6.GPIOParameters=GPIO_Label
PF6.GPIO_Label=SCREEN_SPI5_NSS
PF6.Locked=true
PF6.Mode=NSS_Signal_Hard_Input
PF6.Signal=SPI5_NSS
PF7.GPIOParameters=GPIO_Label
PF7.GPIO_Label=SCREEN_SPI5_SCK
PF7.Locked=true
PF7.Mode=Full_Duplex_Master
PF7.Signal=SPI5_SCK
PF8.GPIOParameters=GPIO_Label
PF8.GPIO_Label=SCREEN_SPI5_MISO
PF8.Locked=true
PF8.Mode=Full_Duplex_Master
PF8.Signal=SPI5_MISO
PF9.GPIOParameters=GPIO_Label
PF9.GPIO_Label=SCREEN_SPI5_MOSI
PF9.Locked=true
PF9.Mode=Full_Duplex_Master
PF9.Signal=SPI5_MOSI
PG0.GPIOParameters=GPIO_Label
PG0.GPIO_Label=JTAG_UART9_RX
PG0.Mode=Asynchronous
PG0.Signal=UART9_RX
PG1.GPIOParameters=GPIO_Label
PG1.GPIO_Label=JTAG_UART9_TX
PG1.Mode=Asynchronous
PG1.Signal=UART9_TX
PG10.GPIOParameters=GPIO_Label
PG10.GPIO_Label=LoRa_SPI1_NSS
PG10.Locked=true
PG10.Mode=NSS_Signal_Hard_Input
PG10.Signal=SPI1_NSS
PG11.GPIOParameters=GPIO_Label
PG11.GPIO_Label=LoRa_SPI1_SCK
PG11.Locked=true
PG11.Mode=Full_Duplex_Master
PG11.Signal=SPI1_SCK
PG2.GPIOParameters=GPIO_Label
PG2.GPIO_Label=TMC2209_AZ_DIAG_GPIO_Input
PG2.Locked=true
PG2.Signal=GPIO_Input
PG3.GPIOParameters=GPIO_Label
PG3.GPIO_Label=TMC2209_AZ_MS2_GPIO_Output
PG3.Locked=true
PG3.Signal=GPIO_Output
PG4.GPIOParameters=GPIO_Label
PG4.GPIO_Label=TMC2209_AZ_MS1_GPIO_Output
PG4.Locked=true
PG4.Signal=GPIO_Output
PG5.GPIOParameters=GPIO_Label
PG5.GPIO_Label=TMC2209_AZ_DIR_GPIO_Output
PG5.Locked=true
PG5.Signal=GPIO_Output
PG6.GPIOParameters=GPIO_Label
PG6.GPIO_Label=TMC2209_AZ_STEP_GPIO_Output
PG6.Locked=true
PG6.Signal=GPIO_Output
PG7.GPIOParameters=GPIO_Label
PG7.GPIO_Label=TMC2209_AZ_ENABLE_GPIO_Output
PG7.Locked=true
PG7.Signal=GPIO_Output
PG9.GPIOParameters=GPIO_Label
PG9.GPIO_Label=LoRa_SPI1_MISO
PG9.Locked=true
PG9.Mode=Full_Duplex_Master
PG9.Signal=SPI1_MISO
PinOutPanel.RotationAngle=0
ProjectManager.AskForMigrate=true
ProjectManager.BackupPrevious=false
ProjectManager.CompilerLinker=GCC
ProjectManager.CompilerOptimize=6
ProjectManager.ComputerToolchain=false
ProjectManager.CoupleFile=false
ProjectManager.CustomerFirmwarePackage=
ProjectManager.DefaultFWLocation=true
ProjectManager.DeletePrevious=true
ProjectManager.DeviceId=STM32H723ZGTx
ProjectManager.FirmwarePackage=STM32Cube FW_H7 V1.13.0
ProjectManager.FreePins=false
ProjectManager.FreePinsContext=
ProjectManager.HalAssertFull=false
ProjectManager.HeapSize=0x200
ProjectManager.KeepUserCode=true
ProjectManager.LastFirmware=true
ProjectManager.LibraryCopy=0
ProjectManager.MainLocation=Core/Src
ProjectManager.NoMain=false
ProjectManager.PreviousToolchain=
ProjectManager.ProjectBuild=false
ProjectManager.ProjectFileName=ProjetMSC.ioc
ProjectManager.ProjectName=ProjetMSC
ProjectManager.ProjectStructure=
ProjectManager.RegisterCallBack=
ProjectManager.StackSize=0x400
ProjectManager.TargetToolchain=EWARM V8.50
ProjectManager.ToolChainLocation=
ProjectManager.UAScriptAfterPath=
ProjectManager.UAScriptBeforePath=
ProjectManager.UnderRoot=false
ProjectManager.functionlistsort=1-SystemClock_Config-RCC-false-HAL-false,2-MX_GPIO_Init-GPIO-false-HAL-true,3-MX_ADC1_Init-ADC1-false-HAL-true,4-MX_I2C1_Init-I2C1-false-HAL-true,5-MX_I2C2_Init-I2C2-false-HAL-true,6-MX_SDMMC1_SD_Init-SDMMC1-false-HAL-true,7-MX_SPI1_Init-SPI1-false-HAL-true,8-MX_SPI5_Init-SPI5-false-HAL-true,9-MX_UART5_Init-UART5-false-HAL-true,10-MX_UART7_Init-UART7-false-HAL-true,11-MX_UART8_Init-UART8-false-HAL-true,12-MX_UART9_Init-UART9-false-HAL-true,13-MX_TIM1_Init-TIM1-false-HAL-true,14-MX_TIM8_Init-TIM8-false-HAL-true,15-MX_USART1_UART_Init-USART1-false-HAL-true,16-MX_USART3_UART_Init-USART3-false-HAL-true,0-MX_CORTEX_M7_Init-CORTEX_M7-false-HAL-true
RCC.ADCFreq_Value=129000000
RCC.AHB12Freq_Value=64000000
RCC.AHB4Freq_Value=64000000
RCC.APB1Freq_Value=64000000
RCC.APB2Freq_Value=64000000
RCC.APB3Freq_Value=64000000
RCC.APB4Freq_Value=64000000
RCC.AXIClockFreq_Value=64000000
RCC.CECFreq_Value=32000
RCC.CKPERFreq_Value=64000000
RCC.CortexFreq_Value=64000000
RCC.CpuClockFreq_Value=64000000
RCC.D1CPREFreq_Value=64000000
RCC.DFSDMACLkFreq_Value=129000000
RCC.DFSDMFreq_Value=64000000
RCC.DIVP1Freq_Value=129000000
RCC.DIVP2Freq_Value=129000000
RCC.DIVP3Freq_Value=129000000
RCC.DIVQ1Freq_Value=129000000
RCC.DIVQ2Freq_Value=129000000
RCC.DIVQ3Freq_Value=129000000
RCC.DIVR1Freq_Value=129000000
RCC.DIVR2Freq_Value=129000000
RCC.DIVR3Freq_Value=129000000
RCC.FDCANFreq_Value=129000000
RCC.FMCFreq_Value=64000000
RCC.FamilyName=M
RCC.HCLK3ClockFreq_Value=64000000
RCC.HCLKFreq_Value=64000000
RCC.I2C123Freq_Value=64000000
RCC.I2C4Freq_Value=64000000
RCC.IPParameters=ADCFreq_Value,AHB12Freq_Value,AHB4Freq_Value,APB1Freq_Value,APB2Freq_Value,APB3Freq_Value,APB4Freq_Value,AXIClockFreq_Value,CECFreq_Value,CKPERFreq_Value,CortexFreq_Value,CpuClockFreq_Value,D1CPREFreq_Value,DFSDMACLkFreq_Value,DFSDMFreq_Value,DIVP1Freq_Value,DIVP2Freq_Value,DIVP3Freq_Value,DIVQ1Freq_Value,DIVQ2Freq_Value,DIVQ3Freq_Value,DIVR1Freq_Value,DIVR2Freq_Value,DIVR3Freq_Value,FDCANFreq_Value,FMCFreq_Value,FamilyName,HCLK3ClockFreq_Value,HCLKFreq_Value,I2C123Freq_Value,I2C4Freq_Value,LPTIM1Freq_Value,LPTIM2Freq_Value,LPTIM345Freq_Value,LPUART1Freq_Value,LTDCFreq_Value,MCO1PinFreq_Value,MCO2PinFreq_Value,QSPIFreq_Value,RNGFreq_Value,RTCFreq_Value,SAI1Freq_Value,SAI4AFreq_Value,SAI4BFreq_Value,SDMMCFreq_Value,SPDIFRXFreq_Value,SPI123Freq_Value,SPI45Freq_Value,SPI6Freq_Value,SWPMI1Freq_Value,SYSCLKFreq_VALUE,Tim1OutputFreq_Value,Tim2OutputFreq_Value,TraceFreq_Value,USART16Freq_Value,USART234578Freq_Value,USBFreq_Value,VCO1OutputFreq_Value,VCO2OutputFreq_Value,VCO3OutputFreq_Value,VCOInput1Freq_Value,VCOInput2Freq_Value,VCOInput3Freq_Value
RCC.LPTIM1Freq_Value=64000000
RCC.LPTIM2Freq_Value=64000000
RCC.LPTIM345Freq_Value=64000000
RCC.LPUART1Freq_Value=64000000
RCC.LTDCFreq_Value=129000000
RCC.MCO1PinFreq_Value=64000000
RCC.MCO2PinFreq_Value=64000000
RCC.QSPIFreq_Value=64000000
RCC.RNGFreq_Value=48000000
RCC.RTCFreq_Value=32000
RCC.SAI1Freq_Value=129000000
RCC.SAI4AFreq_Value=129000000
RCC.SAI4BFreq_Value=129000000
RCC.SDMMCFreq_Value=129000000
RCC.SPDIFRXFreq_Value=129000000
RCC.SPI123Freq_Value=129000000
RCC.SPI45Freq_Value=64000000
RCC.SPI6Freq_Value=64000000
RCC.SWPMI1Freq_Value=64000000
RCC.SYSCLKFreq_VALUE=64000000
RCC.Tim1OutputFreq_Value=64000000
RCC.Tim2OutputFreq_Value=64000000
RCC.TraceFreq_Value=64000000
RCC.USART16Freq_Value=64000000
RCC.USART234578Freq_Value=64000000
RCC.USBFreq_Value=129000000
RCC.VCO1OutputFreq_Value=258000000
RCC.VCO2OutputFreq_Value=258000000
RCC.VCO3OutputFreq_Value=258000000
RCC.VCOInput1Freq_Value=2000000
RCC.VCOInput2Freq_Value=2000000
RCC.VCOInput3Freq_Value=2000000
SH.ADCx_INP10.0=ADC1_INP10,IN10-Single-Ended
SH.ADCx_INP10.ConfNb=1
SH.ADCx_INP11.0=ADC1_INP11,IN11-Single-Ended
SH.ADCx_INP11.ConfNb=1
SH.ADCx_INP14.0=ADC1_INP14,IN14-Single-Ended
SH.ADCx_INP14.ConfNb=1
SH.S_TIM1_CH1.0=TIM1_CH1,PWM Generation1 CH1
SH.S_TIM1_CH1.ConfNb=1
SH.S_TIM8_CH1.0=TIM8_CH1,PWM Generation1 CH1
SH.S_TIM8_CH1.ConfNb=1
SPI1.CalculateBaudRate=64.5 MBits/s
SPI1.Direction=SPI_DIRECTION_2LINES
SPI1.IPParameters=VirtualType,Mode,Direction,CalculateBaudRate,VirtualNSS
SPI1.Mode=SPI_MODE_MASTER
SPI1.VirtualNSS=VM_NSSHARD
SPI1.VirtualType=VM_MASTER
SPI5.CalculateBaudRate=32.0 MBits/s
SPI5.Direction=SPI_DIRECTION_2LINES
SPI5.IPParameters=VirtualType,Mode,Direction,CalculateBaudRate,VirtualNSS
SPI5.Mode=SPI_MODE_MASTER
SPI5.VirtualNSS=VM_NSSHARD
SPI5.VirtualType=VM_MASTER
TIM1.Channel-PWM\ Generation1\ CH1=TIM_CHANNEL_1
TIM1.IPParameters=Channel-PWM Generation1 CH1
TIM8.Channel-PWM\ Generation1\ CH1=TIM_CHANNEL_1
TIM8.IPParameters=Channel-PWM Generation1 CH1
USART1.IPParameters=VirtualMode-Asynchronous
USART1.VirtualMode-Asynchronous=VM_ASYNC
USART3.IPParameters=VirtualMode-Asynchronous
USART3.VirtualMode-Asynchronous=VM_ASYNC
VP_MEMORYMAP_VS_MEMORYMAP.Mode=CurAppReg
VP_MEMORYMAP_VS_MEMORYMAP.Signal=MEMORYMAP_VS_MEMORYMAP
VP_SYS_VS_Systick.Mode=SysTick
VP_SYS_VS_Systick.Signal=SYS_VS_Systick
VP_TIM1_VS_ClockSourceITR.Mode=TriggerSource_ITR0
VP_TIM1_VS_ClockSourceITR.Signal=TIM1_VS_ClockSourceITR
VP_TIM1_VS_ControllerModeClock.Mode=Clock Mode
VP_TIM1_VS_ControllerModeClock.Signal=TIM1_VS_ControllerModeClock
VP_TIM8_VS_ClockSourceINT.Mode=Internal
VP_TIM8_VS_ClockSourceINT.Signal=TIM8_VS_ClockSourceINT
board=custom
